
Microsoft Visual Studio Solution File, Format Version 12.00
# Visual Studio Express 15 for Windows Desktop
VisualStudioVersion = 15.0.28010.2036
MinimumVisualStudioVersion = 10.0.40219.1
Project("{FAE04EC0-301F-11D3-BF4B-00C04F79EFBC}") = "Entidades", "Entidades\Entidades.csproj", "{F5200BFF-A952-4039-ACF7-F99090D3C55A}"
EndProject
Global
	GlobalSection(SolutionConfigurationPlatforms) = preSolution
		Debug|Any CPU = Debug|Any CPU
		Release|Any CPU = Release|Any CPU
	EndGlobalSection
	GlobalSection(ProjectConfigurationPlatforms) = postSolution
		{F5200BFF-A952-4039-ACF7-F99090D3C55A}.Debug|Any CPU.ActiveCfg = Debug|Any CPU
		{F5200BFF-A952-4039-ACF7-F99090D3C55A}.Debug|Any CPU.Build.0 = Debug|Any CPU
		{F5200BFF-A952-4039-ACF7-F99090D3C55A}.Release|Any CPU.ActiveCfg = Release|Any CPU
		{F5200BFF-A952-4039-ACF7-F99090D3C55A}.Release|Any CPU.Build.0 = Release|Any CPU
	EndGlobalSection
	GlobalSection(SolutionProperties) = preSolution
		HideSolutionNode = FALSE
	EndGlobalSection
	GlobalSection(ExtensibilityGlobals) = postSolution
		SolutionGuid = {BB8C7187-4930-47F1-83B1-1ACBE9B34563}
	EndGlobalSection
EndGlobal
