
Microsoft Visual Studio Solution File, Format Version 12.00
# Visual Studio 15
VisualStudioVersion = 15.0.27703.2047
MinimumVisualStudioVersion = 10.0.40219.1
Project("{FAE04EC0-301F-11D3-BF4B-00C04F79EFBC}") = "biblioClase8", "biblioClase8\biblioClase8.csproj", "{6BCC0B7A-AEF0-4530-95AB-C9026398C755}"
EndProject
Project("{FAE04EC0-301F-11D3-BF4B-00C04F79EFBC}") = "Clase8", "Clase8\Clase8.csproj", "{00E90B82-E34F-4DF0-9AE2-582AA4C306E2}"
EndProject
Global
	GlobalSection(SolutionConfigurationPlatforms) = preSolution
		Debug|Any CPU = Debug|Any CPU
		Release|Any CPU = Release|Any CPU
	EndGlobalSection
	GlobalSection(ProjectConfigurationPlatforms) = postSolution
		{6BCC0B7A-AEF0-4530-95AB-C9026398C755}.Debug|Any CPU.ActiveCfg = Debug|Any CPU
		{6BCC0B7A-AEF0-4530-95AB-C9026398C755}.Debug|Any CPU.Build.0 = Debug|Any CPU
		{6BCC0B7A-AEF0-4530-95AB-C9026398C755}.Release|Any CPU.ActiveCfg = Release|Any CPU
		{6BCC0B7A-AEF0-4530-95AB-C9026398C755}.Release|Any CPU.Build.0 = Release|Any CPU
		{00E90B82-E34F-4DF0-9AE2-582AA4C306E2}.Debug|Any CPU.ActiveCfg = Debug|Any CPU
		{00E90B82-E34F-4DF0-9AE2-582AA4C306E2}.Debug|Any CPU.Build.0 = Debug|Any CPU
		{00E90B82-E34F-4DF0-9AE2-582AA4C306E2}.Release|Any CPU.ActiveCfg = Release|Any CPU
		{00E90B82-E34F-4DF0-9AE2-582AA4C306E2}.Release|Any CPU.Build.0 = Release|Any CPU
	EndGlobalSection
	GlobalSection(SolutionProperties) = preSolution
		HideSolutionNode = FALSE
	EndGlobalSection
	GlobalSection(ExtensibilityGlobals) = postSolution
		SolutionGuid = {C1CEC7A4-A2D5-4C73-84CB-5EFF986C06BA}
	EndGlobalSection
EndGlobal
