
Microsoft Visual Studio Solution File, Format Version 12.00
# Visual Studio 15
VisualStudioVersion = 15.0.27703.2047
MinimumVisualStudioVersion = 10.0.40219.1
Project("{FAE04EC0-301F-11D3-BF4B-00C04F79EFBC}") = "WindowsFormsApp1", "WindowsFormsApp1\WindowsFormsApp1.csproj", "{4E88638A-19F5-4BF0-8DE5-DB75EA47018D}"
EndProject
Project("{FAE04EC0-301F-11D3-BF4B-00C04F79EFBC}") = "frmPantalla2", "frmPantalla2\frmPantalla2.csproj", "{ED552720-D09F-4BB5-A2B3-9159A2171193}"
EndProject
Project("{FAE04EC0-301F-11D3-BF4B-00C04F79EFBC}") = "FrmOwner", "FrmOwner\FrmOwner.csproj", "{DD9B2DBA-A335-408F-845E-077F1D878262}"
EndProject
Global
	GlobalSection(SolutionConfigurationPlatforms) = preSolution
		Debug|Any CPU = Debug|Any CPU
		Release|Any CPU = Release|Any CPU
	EndGlobalSection
	GlobalSection(ProjectConfigurationPlatforms) = postSolution
		{4E88638A-19F5-4BF0-8DE5-DB75EA47018D}.Debug|Any CPU.ActiveCfg = Debug|Any CPU
		{4E88638A-19F5-4BF0-8DE5-DB75EA47018D}.Debug|Any CPU.Build.0 = Debug|Any CPU
		{4E88638A-19F5-4BF0-8DE5-DB75EA47018D}.Release|Any CPU.ActiveCfg = Release|Any CPU
		{4E88638A-19F5-4BF0-8DE5-DB75EA47018D}.Release|Any CPU.Build.0 = Release|Any CPU
		{ED552720-D09F-4BB5-A2B3-9159A2171193}.Debug|Any CPU.ActiveCfg = Debug|Any CPU
		{ED552720-D09F-4BB5-A2B3-9159A2171193}.Debug|Any CPU.Build.0 = Debug|Any CPU
		{ED552720-D09F-4BB5-A2B3-9159A2171193}.Release|Any CPU.ActiveCfg = Release|Any CPU
		{ED552720-D09F-4BB5-A2B3-9159A2171193}.Release|Any CPU.Build.0 = Release|Any CPU
		{DD9B2DBA-A335-408F-845E-077F1D878262}.Debug|Any CPU.ActiveCfg = Debug|Any CPU
		{DD9B2DBA-A335-408F-845E-077F1D878262}.Debug|Any CPU.Build.0 = Debug|Any CPU
		{DD9B2DBA-A335-408F-845E-077F1D878262}.Release|Any CPU.ActiveCfg = Release|Any CPU
		{DD9B2DBA-A335-408F-845E-077F1D878262}.Release|Any CPU.Build.0 = Release|Any CPU
	EndGlobalSection
	GlobalSection(SolutionProperties) = preSolution
		HideSolutionNode = FALSE
	EndGlobalSection
	GlobalSection(ExtensibilityGlobals) = postSolution
		SolutionGuid = {83FDBB80-E400-4A93-BAED-FE96B7AE3AA5}
	EndGlobalSection
EndGlobal
