
Microsoft Visual Studio Solution File, Format Version 12.00
# Visual Studio 15
VisualStudioVersion = 15.0.28010.2003
MinimumVisualStudioVersion = 10.0.40219.1
Project("{9A19103F-16F7-4668-BE54-9A1E7A4F7556}") = "BibliotecaSobrecarga", "BibliotecaSobrecarga\BibliotecaSobrecarga.csproj", "{E50EBFCF-0DBD-427B-97C2-FC78D3CBCB60}"
EndProject
Project("{FAE04EC0-301F-11D3-BF4B-00C04F79EFBC}") = "Ejercicio_20", "Ejercicio_20\Ejercicio_20.csproj", "{96AAC23E-4CDD-40B5-A0C5-607E13856939}"
EndProject
Project("{FAE04EC0-301F-11D3-BF4B-00C04F79EFBC}") = "Ejercicio_19", "Ejercicio_19\Ejercicio_19.csproj", "{E93FA820-70FE-4BB4-899B-A7620351F455}"
EndProject
Project("{FAE04EC0-301F-11D3-BF4B-00C04F79EFBC}") = "Ejercicio_21", "Ejercicio_21\Ejercicio_21.csproj", "{C958FD96-3459-49B1-867C-737BA5D7F0CB}"
EndProject
Global
	GlobalSection(SolutionConfigurationPlatforms) = preSolution
		Debug|Any CPU = Debug|Any CPU
		Release|Any CPU = Release|Any CPU
	EndGlobalSection
	GlobalSection(ProjectConfigurationPlatforms) = postSolution
		{E50EBFCF-0DBD-427B-97C2-FC78D3CBCB60}.Debug|Any CPU.ActiveCfg = Debug|Any CPU
		{E50EBFCF-0DBD-427B-97C2-FC78D3CBCB60}.Debug|Any CPU.Build.0 = Debug|Any CPU
		{E50EBFCF-0DBD-427B-97C2-FC78D3CBCB60}.Release|Any CPU.ActiveCfg = Release|Any CPU
		{E50EBFCF-0DBD-427B-97C2-FC78D3CBCB60}.Release|Any CPU.Build.0 = Release|Any CPU
		{96AAC23E-4CDD-40B5-A0C5-607E13856939}.Debug|Any CPU.ActiveCfg = Debug|Any CPU
		{96AAC23E-4CDD-40B5-A0C5-607E13856939}.Debug|Any CPU.Build.0 = Debug|Any CPU
		{96AAC23E-4CDD-40B5-A0C5-607E13856939}.Release|Any CPU.ActiveCfg = Release|Any CPU
		{96AAC23E-4CDD-40B5-A0C5-607E13856939}.Release|Any CPU.Build.0 = Release|Any CPU
		{E93FA820-70FE-4BB4-899B-A7620351F455}.Debug|Any CPU.ActiveCfg = Debug|Any CPU
		{E93FA820-70FE-4BB4-899B-A7620351F455}.Debug|Any CPU.Build.0 = Debug|Any CPU
		{E93FA820-70FE-4BB4-899B-A7620351F455}.Release|Any CPU.ActiveCfg = Release|Any CPU
		{E93FA820-70FE-4BB4-899B-A7620351F455}.Release|Any CPU.Build.0 = Release|Any CPU
		{C958FD96-3459-49B1-867C-737BA5D7F0CB}.Debug|Any CPU.ActiveCfg = Debug|Any CPU
		{C958FD96-3459-49B1-867C-737BA5D7F0CB}.Debug|Any CPU.Build.0 = Debug|Any CPU
		{C958FD96-3459-49B1-867C-737BA5D7F0CB}.Release|Any CPU.ActiveCfg = Release|Any CPU
		{C958FD96-3459-49B1-867C-737BA5D7F0CB}.Release|Any CPU.Build.0 = Release|Any CPU
	EndGlobalSection
	GlobalSection(SolutionProperties) = preSolution
		HideSolutionNode = FALSE
	EndGlobalSection
	GlobalSection(ExtensibilityGlobals) = postSolution
		SolutionGuid = {65025D79-18A6-4E89-9F2E-C5A08284A375}
	EndGlobalSection
EndGlobal
