
Microsoft Visual Studio Solution File, Format Version 12.00
# Visual Studio 15
VisualStudioVersion = 15.0.28010.2046
MinimumVisualStudioVersion = 10.0.40219.1
Project("{FAE04EC0-301F-11D3-BF4B-00C04F79EFBC}") = "Ejercicio_38", "Ejercicio_38\Ejercicio_38.csproj", "{419E0569-1CB9-4256-A75E-67708C10D978}"
EndProject
Project("{FAE04EC0-301F-11D3-BF4B-00C04F79EFBC}") = "Ejercicio_39", "Ejercicio_39\Ejercicio_39.csproj", "{5F189F6B-900F-45FA-9381-D39192D7EECB}"
EndProject
Global
	GlobalSection(SolutionConfigurationPlatforms) = preSolution
		Debug|Any CPU = Debug|Any CPU
		Release|Any CPU = Release|Any CPU
	EndGlobalSection
	GlobalSection(ProjectConfigurationPlatforms) = postSolution
		{419E0569-1CB9-4256-A75E-67708C10D978}.Debug|Any CPU.ActiveCfg = Debug|Any CPU
		{419E0569-1CB9-4256-A75E-67708C10D978}.Debug|Any CPU.Build.0 = Debug|Any CPU
		{419E0569-1CB9-4256-A75E-67708C10D978}.Release|Any CPU.ActiveCfg = Release|Any CPU
		{419E0569-1CB9-4256-A75E-67708C10D978}.Release|Any CPU.Build.0 = Release|Any CPU
		{5F189F6B-900F-45FA-9381-D39192D7EECB}.Debug|Any CPU.ActiveCfg = Debug|Any CPU
		{5F189F6B-900F-45FA-9381-D39192D7EECB}.Debug|Any CPU.Build.0 = Debug|Any CPU
		{5F189F6B-900F-45FA-9381-D39192D7EECB}.Release|Any CPU.ActiveCfg = Release|Any CPU
		{5F189F6B-900F-45FA-9381-D39192D7EECB}.Release|Any CPU.Build.0 = Release|Any CPU
	EndGlobalSection
	GlobalSection(SolutionProperties) = preSolution
		HideSolutionNode = FALSE
	EndGlobalSection
	GlobalSection(ExtensibilityGlobals) = postSolution
		SolutionGuid = {9FAE1D7D-B729-4A3A-A5F4-49C4D9267840}
	EndGlobalSection
EndGlobal
