
Microsoft Visual Studio Solution File, Format Version 12.00
# Visual Studio 15
VisualStudioVersion = 15.0.27703.2047
MinimumVisualStudioVersion = 10.0.40219.1
Project("{FAE04EC0-301F-11D3-BF4B-00C04F79EFBC}") = "Entidades", "Entidades\Entidades.csproj", "{79BF1E7D-08A1-4062-BEAB-A1BD09B4AEDF}"
EndProject
Project("{FAE04EC0-301F-11D3-BF4B-00C04F79EFBC}") = "Ejercicio_47", "Ejercicio_47\Ejercicio_47.csproj", "{358C3EA1-5FCB-4379-98BB-0C107D26C770}"
EndProject
Global
	GlobalSection(SolutionConfigurationPlatforms) = preSolution
		Debug|Any CPU = Debug|Any CPU
		Release|Any CPU = Release|Any CPU
	EndGlobalSection
	GlobalSection(ProjectConfigurationPlatforms) = postSolution
		{79BF1E7D-08A1-4062-BEAB-A1BD09B4AEDF}.Debug|Any CPU.ActiveCfg = Debug|Any CPU
		{79BF1E7D-08A1-4062-BEAB-A1BD09B4AEDF}.Debug|Any CPU.Build.0 = Debug|Any CPU
		{79BF1E7D-08A1-4062-BEAB-A1BD09B4AEDF}.Release|Any CPU.ActiveCfg = Release|Any CPU
		{79BF1E7D-08A1-4062-BEAB-A1BD09B4AEDF}.Release|Any CPU.Build.0 = Release|Any CPU
		{358C3EA1-5FCB-4379-98BB-0C107D26C770}.Debug|Any CPU.ActiveCfg = Debug|Any CPU
		{358C3EA1-5FCB-4379-98BB-0C107D26C770}.Debug|Any CPU.Build.0 = Debug|Any CPU
		{358C3EA1-5FCB-4379-98BB-0C107D26C770}.Release|Any CPU.ActiveCfg = Release|Any CPU
		{358C3EA1-5FCB-4379-98BB-0C107D26C770}.Release|Any CPU.Build.0 = Release|Any CPU
	EndGlobalSection
	GlobalSection(SolutionProperties) = preSolution
		HideSolutionNode = FALSE
	EndGlobalSection
	GlobalSection(ExtensibilityGlobals) = postSolution
		SolutionGuid = {7C18F516-F43C-4D37-9D30-A853F0512C8C}
	EndGlobalSection
EndGlobal
