
Microsoft Visual Studio Solution File, Format Version 12.00
# Visual Studio 15
VisualStudioVersion = 15.0.28010.2003
MinimumVisualStudioVersion = 10.0.40219.1
Project("{FAE04EC0-301F-11D3-BF4B-00C04F79EFBC}") = "Ejercicio_11", "MetodosEstaticos\Ejercicio_11.csproj", "{23083240-74F3-4A63-A768-C5762A8E287E}"
EndProject
Project("{FAE04EC0-301F-11D3-BF4B-00C04F79EFBC}") = "BibliotecaMetodosEstaticos", "BibliotecaMetodosEstaticos\BibliotecaMetodosEstaticos.csproj", "{2E4D4112-AA62-4157-A955-59366758950C}"
EndProject
Global
	GlobalSection(SolutionConfigurationPlatforms) = preSolution
		Debug|Any CPU = Debug|Any CPU
		Release|Any CPU = Release|Any CPU
	EndGlobalSection
	GlobalSection(ProjectConfigurationPlatforms) = postSolution
		{23083240-74F3-4A63-A768-C5762A8E287E}.Debug|Any CPU.ActiveCfg = Debug|Any CPU
		{23083240-74F3-4A63-A768-C5762A8E287E}.Debug|Any CPU.Build.0 = Debug|Any CPU
		{23083240-74F3-4A63-A768-C5762A8E287E}.Release|Any CPU.ActiveCfg = Release|Any CPU
		{23083240-74F3-4A63-A768-C5762A8E287E}.Release|Any CPU.Build.0 = Release|Any CPU
		{2E4D4112-AA62-4157-A955-59366758950C}.Debug|Any CPU.ActiveCfg = Debug|Any CPU
		{2E4D4112-AA62-4157-A955-59366758950C}.Debug|Any CPU.Build.0 = Debug|Any CPU
		{2E4D4112-AA62-4157-A955-59366758950C}.Release|Any CPU.ActiveCfg = Release|Any CPU
		{2E4D4112-AA62-4157-A955-59366758950C}.Release|Any CPU.Build.0 = Release|Any CPU
	EndGlobalSection
	GlobalSection(SolutionProperties) = preSolution
		HideSolutionNode = FALSE
	EndGlobalSection
	GlobalSection(ExtensibilityGlobals) = postSolution
		SolutionGuid = {5EB7C425-832C-4A77-843D-C525582504E5}
	EndGlobalSection
EndGlobal
