
Microsoft Visual Studio Solution File, Format Version 12.00
# Visual Studio 15
VisualStudioVersion = 15.0.27703.2047
MinimumVisualStudioVersion = 10.0.40219.1
Project("{FAE04EC0-301F-11D3-BF4B-00C04F79EFBC}") = "EjercicioClase2", "EjercicioClase2\EjercicioClase2.csproj", "{62D0A173-C1E8-4770-8120-895EBA6017D4}"
EndProject
Project("{FAE04EC0-301F-11D3-BF4B-00C04F79EFBC}") = "Entidades", "Entidades\Entidades.csproj", "{A08E39B5-1C23-489A-B4FA-EF9B15ACDB74}"
EndProject
Project("{FAE04EC0-301F-11D3-BF4B-00C04F79EFBC}") = "DAO", "DAO\DAO.csproj", "{B6AD1827-C6CA-4A81-9B04-75E8FFEF8CDD}"
EndProject
Global
	GlobalSection(SolutionConfigurationPlatforms) = preSolution
		Debug|Any CPU = Debug|Any CPU
		Release|Any CPU = Release|Any CPU
	EndGlobalSection
	GlobalSection(ProjectConfigurationPlatforms) = postSolution
		{62D0A173-C1E8-4770-8120-895EBA6017D4}.Debug|Any CPU.ActiveCfg = Debug|Any CPU
		{62D0A173-C1E8-4770-8120-895EBA6017D4}.Debug|Any CPU.Build.0 = Debug|Any CPU
		{62D0A173-C1E8-4770-8120-895EBA6017D4}.Release|Any CPU.ActiveCfg = Release|Any CPU
		{62D0A173-C1E8-4770-8120-895EBA6017D4}.Release|Any CPU.Build.0 = Release|Any CPU
		{A08E39B5-1C23-489A-B4FA-EF9B15ACDB74}.Debug|Any CPU.ActiveCfg = Debug|Any CPU
		{A08E39B5-1C23-489A-B4FA-EF9B15ACDB74}.Debug|Any CPU.Build.0 = Debug|Any CPU
		{A08E39B5-1C23-489A-B4FA-EF9B15ACDB74}.Release|Any CPU.ActiveCfg = Release|Any CPU
		{A08E39B5-1C23-489A-B4FA-EF9B15ACDB74}.Release|Any CPU.Build.0 = Release|Any CPU
		{B6AD1827-C6CA-4A81-9B04-75E8FFEF8CDD}.Debug|Any CPU.ActiveCfg = Debug|Any CPU
		{B6AD1827-C6CA-4A81-9B04-75E8FFEF8CDD}.Debug|Any CPU.Build.0 = Debug|Any CPU
		{B6AD1827-C6CA-4A81-9B04-75E8FFEF8CDD}.Release|Any CPU.ActiveCfg = Release|Any CPU
		{B6AD1827-C6CA-4A81-9B04-75E8FFEF8CDD}.Release|Any CPU.Build.0 = Release|Any CPU
	EndGlobalSection
	GlobalSection(SolutionProperties) = preSolution
		HideSolutionNode = FALSE
	EndGlobalSection
	GlobalSection(ExtensibilityGlobals) = postSolution
		SolutionGuid = {B52769AE-2280-44A9-B79D-DCA60CF8412F}
	EndGlobalSection
EndGlobal
