
Microsoft Visual Studio Solution File, Format Version 12.00
# Visual Studio 15
VisualStudioVersion = 15.0.27703.2047
MinimumVisualStudioVersion = 10.0.40219.1
Project("{FAE04EC0-301F-11D3-BF4B-00C04F79EFBC}") = "Moneda", "Moneda\Moneda.csproj", "{B18E1F78-946B-4FCC-86B5-2B06E9AC27A5}"
EndProject
Global
	GlobalSection(SolutionConfigurationPlatforms) = preSolution
		Debug|Any CPU = Debug|Any CPU
		Release|Any CPU = Release|Any CPU
	EndGlobalSection
	GlobalSection(ProjectConfigurationPlatforms) = postSolution
		{B18E1F78-946B-4FCC-86B5-2B06E9AC27A5}.Debug|Any CPU.ActiveCfg = Debug|Any CPU
		{B18E1F78-946B-4FCC-86B5-2B06E9AC27A5}.Debug|Any CPU.Build.0 = Debug|Any CPU
		{B18E1F78-946B-4FCC-86B5-2B06E9AC27A5}.Release|Any CPU.ActiveCfg = Release|Any CPU
		{B18E1F78-946B-4FCC-86B5-2B06E9AC27A5}.Release|Any CPU.Build.0 = Release|Any CPU
	EndGlobalSection
	GlobalSection(SolutionProperties) = preSolution
		HideSolutionNode = FALSE
	EndGlobalSection
	GlobalSection(ExtensibilityGlobals) = postSolution
		SolutionGuid = {478C0D92-34B4-49D7-9EAA-C05F2EF1A43F}
	EndGlobalSection
EndGlobal
