
Microsoft Visual Studio Solution File, Format Version 12.00
# Visual Studio 15
VisualStudioVersion = 15.0.28010.2046
MinimumVisualStudioVersion = 10.0.40219.1
Project("{FAE04EC0-301F-11D3-BF4B-00C04F79EFBC}") = "Federico.Morales", "Federico.Morales\Federico.Morales.csproj", "{9C7F9069-EC6C-4D2F-9A61-47F6B8FE8392}"
EndProject
Project("{FAE04EC0-301F-11D3-BF4B-00C04F79EFBC}") = "Interfaces", "Interfaces\Interfaces.csproj", "{24FA1B20-E700-4393-922C-F2AC80DFB29E}"
EndProject
Project("{FAE04EC0-301F-11D3-BF4B-00C04F79EFBC}") = "Entidades", "Entidades\Entidades.csproj", "{997AA473-DFA6-4C9E-9032-2041D097AA20}"
EndProject
Global
	GlobalSection(SolutionConfigurationPlatforms) = preSolution
		Debug|Any CPU = Debug|Any CPU
		Release|Any CPU = Release|Any CPU
	EndGlobalSection
	GlobalSection(ProjectConfigurationPlatforms) = postSolution
		{9C7F9069-EC6C-4D2F-9A61-47F6B8FE8392}.Debug|Any CPU.ActiveCfg = Debug|Any CPU
		{9C7F9069-EC6C-4D2F-9A61-47F6B8FE8392}.Debug|Any CPU.Build.0 = Debug|Any CPU
		{9C7F9069-EC6C-4D2F-9A61-47F6B8FE8392}.Release|Any CPU.ActiveCfg = Release|Any CPU
		{9C7F9069-EC6C-4D2F-9A61-47F6B8FE8392}.Release|Any CPU.Build.0 = Release|Any CPU
		{24FA1B20-E700-4393-922C-F2AC80DFB29E}.Debug|Any CPU.ActiveCfg = Debug|Any CPU
		{24FA1B20-E700-4393-922C-F2AC80DFB29E}.Debug|Any CPU.Build.0 = Debug|Any CPU
		{24FA1B20-E700-4393-922C-F2AC80DFB29E}.Release|Any CPU.ActiveCfg = Release|Any CPU
		{24FA1B20-E700-4393-922C-F2AC80DFB29E}.Release|Any CPU.Build.0 = Release|Any CPU
		{997AA473-DFA6-4C9E-9032-2041D097AA20}.Debug|Any CPU.ActiveCfg = Debug|Any CPU
		{997AA473-DFA6-4C9E-9032-2041D097AA20}.Debug|Any CPU.Build.0 = Debug|Any CPU
		{997AA473-DFA6-4C9E-9032-2041D097AA20}.Release|Any CPU.ActiveCfg = Release|Any CPU
		{997AA473-DFA6-4C9E-9032-2041D097AA20}.Release|Any CPU.Build.0 = Release|Any CPU
	EndGlobalSection
	GlobalSection(SolutionProperties) = preSolution
		HideSolutionNode = FALSE
	EndGlobalSection
	GlobalSection(ExtensibilityGlobals) = postSolution
		SolutionGuid = {17E1E13D-ACCF-40EF-B215-CAD11B5FFA38}
	EndGlobalSection
EndGlobal
